// !$*UTF8*$!
{
	archiveVersion = 1;
	classes = {
	};
	objectVersion = 77;
	objects = {

/* Begin PBXContainerItemProxy section */
		3EF7449B2E62EF1500EBDA8B /* PBXContainerItemProxy */ = {
			isa = PBXContainerItemProxy;
			containerPortal = 3EF744812E62EF1300EBDA8B /* Project object */;
			proxyType = 1;
			remoteGlobalIDString = 3EF744882E62EF1300EBDA8B;
			remoteInfo = WordBar;
		};
		3EF744A52E62EF1500EBDA8B /* PBXContainerItemProxy */ = {
			isa = PBXContainerItemProxy;
			containerPortal = 3EF744812E62EF1300EBDA8B /* Project object */;
			proxyType = 1;
			remoteGlobalIDString = 3EF744882E62EF1300EBDA8B;
			remoteInfo = WordBar;
		};
/* End PBXContainerItemProxy section */

/* Begin PBXFileReference section */
		3EF744892E62EF1300EBDA8B /* WordBar.app */ = {isa = PBXFileReference; explicitFileType = wrapper.application; includeInIndex = 0; path = WordBar.app; sourceTree = BUILT_PRODUCTS_DIR; };
		3EF7449A2E62EF1500EBDA8B /* WordBarTests.xctest */ = {isa = PBXFileReference; explicitFileType = wrapper.cfbundle; includeInIndex = 0; path = WordBarTests.xctest; sourceTree = BUILT_PRODUCTS_DIR; };
		3EF744A42E62EF1500EBDA8B /* WordBarUITests.xctest */ = {isa = PBXFileReference; explicitFileType = wrapper.cfbundle; includeInIndex = 0; path = WordBarUITests.xctest; sourceTree = BUILT_PRODUCTS_DIR; };
/* End PBXFileReference section */

/* Begin PBXFileSystemSynchronizedRootGroup section */
		3EF7448B2E62EF1300EBDA8B /* WordBar */ = {
			isa = PBXFileSystemSynchronizedRootGroup;
			path = WordBar;
			sourceTree = "<group>";
		};
		3EF7449D2E62EF1500EBDA8B /* WordBarTests */ = {
			isa = PBXFileSystemSynchronizedRootGroup;
			path = WordBarTests;
			sourceTree = "<group>";
		};
		3EF744A72E62EF1500EBDA8B /* WordBarUITests */ = {
			isa = PBXFileSystemSynchronizedRootGroup;
			path = WordBarUITests;
			sourceTree = "<group>";
		};
/* End PBXFileSystemSynchronizedRootGroup section */

/* Begin PBXFrameworksBuildPhase section */
		3EF744862E62EF1300EBDA8B /* Frameworks */ = {
			isa = PBXFrameworksBuildPhase;
			buildActionMask = 2147483647;
			files = (
			);
			runOnlyForDeploymentPostprocessing = 0;
		};
		3EF744972E62EF1500EBDA8B /* Frameworks */ = {
			isa = PBXFrameworksBuildPhase;
			buildActionMask = 2147483647;
			files = (
			);
			runOnlyForDeploymentPostprocessing = 0;
		};
		3EF744A12E62EF1500EBDA8B /* Frameworks */ = {
			isa = PBXFrameworksBuildPhase;
			buildActionMask = 2147483647;
			files = (
			);
			runOnlyForDeploymentPostprocessing = 0;
		};
/* End PBXFrameworksBuildPhase section */

/* Begin PBXGroup section */
		3EF744802E62EF1300EBDA8B = {
			isa = PBXGroup;
			children = (
				3EF7448B2E62EF1300EBDA8B /* WordBar */,
				3EF7449D2E62EF1500EBDA8B /* WordBarTests */,
				3EF744A72E62EF1500EBDA8B /* WordBarUITests */,
				3EF7448A2E62EF1300EBDA8B /* Products */,
			);
			sourceTree = "<group>";
		};
		3EF7448A2E62EF1300EBDA8B /* Products */ = {
			isa = PBXGroup;
			children = (
				3EF744892E62EF1300EBDA8B /* WordBar.app */,
				3EF7449A2E62EF1500EBDA8B /* WordBarTests.xctest */,
				3EF744A42E62EF1500EBDA8B /* WordBarUITests.xctest */,
			);
			name = Products;
			sourceTree = "<group>";
		};
/* End PBXGroup section */

/* Begin PBXNativeTarget section */
		3EF744882E62EF1300EBDA8B /* WordBar */ = {
			isa = PBXNativeTarget;
			buildConfigurationList = 3EF744AE2E62EF1500EBDA8B /* Build configuration list for PBXNativeTarget "WordBar" */;
			buildPhases = (
				3EF744852E62EF1300EBDA8B /* Sources */,
				3EF744862E62EF1300EBDA8B /* Frameworks */,
				3EF744872E62EF1300EBDA8B /* Resources */,
			);
			buildRules = (
			);
			dependencies = (
			);
			fileSystemSynchronizedGroups = (
				3EF7448B2E62EF1300EBDA8B /* WordBar */,
			);
			name = WordBar;
			packageProductDependencies = (
			);
			productName = WordBar;
			productReference = 3EF744892E62EF1300EBDA8B /* WordBar.app */;
			productType = "com.apple.product-type.application";
		};
		3EF744992E62EF1500EBDA8B /* WordBarTests */ = {
			isa = PBXNativeTarget;
			buildConfigurationList = 3EF744B12E62EF1500EBDA8B /* Build configuration list for PBXNativeTarget "WordBarTests" */;
			buildPhases = (
				3EF744962E62EF1500EBDA8B /* Sources */,
				3EF744972E62EF1500EBDA8B /* Frameworks */,
				3EF744982E62EF1500EBDA8B /* Resources */,
			);
			buildRules = (
			);
			dependencies = (
				3EF7449C2E62EF1500EBDA8B /* PBXTargetDependency */,
			);
			fileSystemSynchronizedGroups = (
				3EF7449D2E62EF1500EBDA8B /* WordBarTests */,
			);
			name = WordBarTests;
			packageProductDependencies = (
			);
			productName = WordBarTests;
			productReference = 3EF7449A2E62EF1500EBDA8B /* WordBarTests.xctest */;
			productType = "com.apple.product-type.bundle.unit-test";
		};
		3EF744A32E62EF1500EBDA8B /* WordBarUITests */ = {
			isa = PBXNativeTarget;
			buildConfigurationList = 3EF744B42E62EF1500EBDA8B /* Build configuration list for PBXNativeTarget "WordBarUITests" */;
			buildPhases = (
				3EF744A02E62EF1500EBDA8B /* Sources */,
				3EF744A12E62EF1500EBDA8B /* Frameworks */,
				3EF744A22E62EF1500EBDA8B /* Resources */,
			);
			buildRules = (
			);
			dependencies = (
				3EF744A62E62EF1500EBDA8B /* PBXTargetDependency */,
			);
			fileSystemSynchronizedGroups = (
				3EF744A72E62EF1500EBDA8B /* WordBarUITests */,
			);
			name = WordBarUITests;
			packageProductDependencies = (
			);
			productName = WordBarUITests;
			productReference = 3EF744A42E62EF1500EBDA8B /* WordBarUITests.xctest */;
			productType = "com.apple.product-type.bundle.ui-testing";
		};
/* End PBXNativeTarget section */

/* Begin PBXProject section */
		3EF744812E62EF1300EBDA8B /* Project object */ = {
			isa = PBXProject;
			attributes = {
				BuildIndependentTargetsInParallel = 1;
				LastSwiftUpdateCheck = 1620;
				LastUpgradeCheck = 1620;
				TargetAttributes = {
					3EF744882E62EF1300EBDA8B = {
						CreatedOnToolsVersion = 16.2;
					};
					3EF744992E62EF1500EBDA8B = {
						CreatedOnToolsVersion = 16.2;
						TestTargetID = 3EF744882E62EF1300EBDA8B;
					};
					3EF744A32E62EF1500EBDA8B = {
						CreatedOnToolsVersion = 16.2;
						TestTargetID = 3EF744882E62EF1300EBDA8B;
					};
				};
			};
			buildConfigurationList = 3EF744842E62EF1300EBDA8B /* Build configuration list for PBXProject "WordBar" */;
			developmentRegion = en;
			hasScannedForEncodings = 0;
			knownRegions = (
				en,
				Base,
			);
			mainGroup = 3EF744802E62EF1300EBDA8B;
			minimizedProjectReferenceProxies = 1;
			preferredProjectObjectVersion = 77;
			productRefGroup = 3EF7448A2E62EF1300EBDA8B /* Products */;
			projectDirPath = "";
			projectRoot = "";
			targets = (
				3EF744882E62EF1300EBDA8B /* WordBar */,
				3EF744992E62EF1500EBDA8B /* WordBarTests */,
				3EF744A32E62EF1500EBDA8B /* WordBarUITests */,
			);
		};
/* End PBXProject section */

/* Begin PBXResourcesBuildPhase section */
		3EF744872E62EF1300EBDA8B /* Resources */ = {
			isa = PBXResourcesBuildPhase;
			buildActionMask = 2147483647;
			files = (
			);
			runOnlyForDeploymentPostprocessing = 0;
		};
		3EF744982E62EF1500EBDA8B /* Resources */ = {
			isa = PBXResourcesBuildPhase;
			buildActionMask = 2147483647;
			files = (
			);
			runOnlyForDeploymentPostprocessing = 0;
		};
		3EF744A22E62EF1500EBDA8B /* Resources */ = {
			isa = PBXResourcesBuildPhase;
			buildActionMask = 2147483647;
			files = (
			);
			runOnlyForDeploymentPostprocessing = 0;
		};
/* End PBXResourcesBuildPhase section */

/* Begin PBXSourcesBuildPhase section */
		3EF744852E62EF1300EBDA8B /* Sources */ = {
			isa = PBXSourcesBuildPhase;
			buildActionMask = 2147483647;
			files = (
			);
			runOnlyForDeploymentPostprocessing = 0;
		};
		3EF744962E62EF1500EBDA8B /* Sources */ = {
			isa = PBXSourcesBuildPhase;
			buildActionMask = 2147483647;
			files = (
			);
			runOnlyForDeploymentPostprocessing = 0;
		};
		3EF744A02E62EF1500EBDA8B /* Sources */ = {
			isa = PBXSourcesBuildPhase;
			buildActionMask = 2147483647;
			files = (
			);
			runOnlyForDeploymentPostprocessing = 0;
		};
/* End PBXSourcesBuildPhase section */

/* Begin PBXTargetDependency section */
		3EF7449C2E62EF1500EBDA8B /* PBXTargetDependency */ = {
			isa = PBXTargetDependency;
			target = 3EF744882E62EF1300EBDA8B /* WordBar */;
			targetProxy = 3EF7449B2E62EF1500EBDA8B /* PBXContainerItemProxy */;
		};
		3EF744A62E62EF1500EBDA8B /* PBXTargetDependency */ = {
			isa = PBXTargetDependency;
			target = 3EF744882E62EF1300EBDA8B /* WordBar */;
			targetProxy = 3EF744A52E62EF1500EBDA8B /* PBXContainerItemProxy */;
		};
/* End PBXTargetDependency section */

/* Begin XCBuildConfiguration section */
		3EF744AC2E62EF1500EBDA8B /* Debug */ = {
			isa = XCBuildConfiguration;
			buildSettings = {
				ALWAYS_SEARCH_USER_PATHS = NO;
				ASSETCATALOG_COMPILER_GENERATE_SWIFT_ASSET_SYMBOL_EXTENSIONS = YES;
				CLANG_ANALYZER_NONNULL = YES;
				CLANG_ANALYZER_NUMBER_OBJECT_CONVERSION = YES_AGGRESSIVE;
				CLANG_CXX_LANGUAGE_STANDARD = "gnu++20";
				CLANG_ENABLE_MODULES = YES;
				CLANG_ENABLE_OBJC_ARC = YES;
				CLANG_ENABLE_OBJC_WEAK = YES;
				CLANG_WARN_BLOCK_CAPTURE_AUTORELEASING = YES;
				CLANG_WARN_BOOL_CONVERSION = YES;
				CLANG_WARN_COMMA = YES;
				CLANG_WARN_CONSTANT_CONVERSION = YES;
				CLANG_WARN_DEPRECATED_OBJC_IMPLEMENTATIONS = YES;
				CLANG_WARN_DIRECT_OBJC_ISA_USAGE = YES_ERROR;
				CLANG_WARN_DOCUMENTATION_COMMENTS = YES;
				CLANG_WARN_EMPTY_BODY = YES;
				CLANG_WARN_ENUM_CONVERSION = YES;
				CLANG_WARN_INFINITE_RECURSION = YES;
				CLANG_WARN_INT_CONVERSION = YES;
				CLANG_WARN_NON_LITERAL_NULL_CONVERSION = YES;
				CLANG_WARN_OBJC_IMPLICIT_RETAIN_SELF = YES;
				CLANG_WARN_OBJC_LITERAL_CONVERSION = YES;
				CLANG_WARN_OBJC_ROOT_CLASS = YES_ERROR;
				CLANG_WARN_QUOTED_INCLUDE_IN_FRAMEWORK_HEADER = YES;
				CLANG_WARN_RANGE_LOOP_ANALYSIS = YES;
				CLANG_WARN_STRICT_PROTOTYPES = YES;
				CLANG_WARN_SUSPICIOUS_MOVE = YES;
				CLANG_WARN_UNGUARDED_AVAILABILITY = YES_AGGRESSIVE;
				CLANG_WARN_UNREACHABLE_CODE = YES;
				CLANG_WARN__DUPLICATE_METHOD_MATCH = YES;
				COPY_PHASE_STRIP = NO;
				DEBUG_INFORMATION_FORMAT = dwarf;
				ENABLE_STRICT_OBJC_MSGSEND = YES;
				ENABLE_TESTABILITY = YES;
				ENABLE_USER_SCRIPT_SANDBOXING = YES;
				GCC_C_LANGUAGE_STANDARD = gnu17;
				GCC_DYNAMIC_NO_PIC = NO;
				GCC_NO_COMMON_BLOCKS = YES;
				GCC_OPTIMIZATION_LEVEL = 0;
				GCC_PREPROCESSOR_DEFINITIONS = (
					"DEBUG=1",
					"$(inherited)",
				);
				GCC_WARN_64_TO_32_BIT_CONVERSION = YES;
				GCC_WARN_ABOUT_RETURN_TYPE = YES_ERROR;
				GCC_WARN_UNDECLARED_SELECTOR = YES;
				GCC_WARN_UNINITIALIZED_AUTOS = YES_AGGRESSIVE;
				GCC_WARN_UNUSED_FUNCTION = YES;
				GCC_WARN_UNUSED_VARIABLE = YES;
				LOCALIZATION_PREFERS_STRING_CATALOGS = YES;
				MACOSX_DEPLOYMENT_TARGET = 15.2;
				MTL_ENABLE_DEBUG_INFO = INCLUDE_SOURCE;
				MTL_FAST_MATH = YES;
				ONLY_ACTIVE_ARCH = YES;
				SDKROOT = macosx;
				SWIFT_ACTIVE_COMPILATION_CONDITIONS = "DEBUG $(inherited)";
				SWIFT_OPTIMIZATION_LEVEL = "-Onone";
			};
			name = Debug;
		};
		3EF744AD2E62EF1500EBDA8B /* Release */ = {
			isa = XCBuildConfiguration;
			buildSettings = {
				ALWAYS_SEARCH_USER_PATHS = NO;
				ASSETCATALOG_COMPILER_GENERATE_SWIFT_ASSET_SYMBOL_EXTENSIONS = YES;
				CLANG_ANALYZER_NONNULL = YES;
				CLANG_ANALYZER_NUMBER_OBJECT_CONVERSION = YES_AGGRESSIVE;
				CLANG_CXX_LANGUAGE_STANDARD = "gnu++20";
				CLANG_ENABLE_MODULES = YES;
				CLANG_ENABLE_OBJC_ARC = YES;
				CLANG_ENABLE_OBJC_WEAK = YES;
				CLANG_WARN_BLOCK_CAPTURE_AUTORELEASING = YES;
				CLANG_WARN_BOOL_CONVERSION = YES;
				CLANG_WARN_COMMA = YES;
				CLANG_WARN_CONSTANT_CONVERSION = YES;
				CLANG_WARN_DEPRECATED_OBJC_IMPLEMENTATIONS = YES;
				CLANG_WARN_DIRECT_OBJC_ISA_USAGE = YES_ERROR;
				CLANG_WARN_DOCUMENTATION_COMMENTS = YES;
				CLANG_WARN_EMPTY_BODY = YES;
				CLANG_WARN_ENUM_CONVERSION = YES;
				CLANG_WARN_INFINITE_RECURSION = YES;
				CLANG_WARN_INT_CONVERSION = YES;
				CLANG_WARN_NON_LITERAL_NULL_CONVERSION = YES;
				CLANG_WARN_OBJC_IMPLICIT_RETAIN_SELF = YES;
				CLANG_WARN_OBJC_LITERAL_CONVERSION = YES;
				CLANG_WARN_OBJC_ROOT_CLASS = YES_ERROR;
				CLANG_WARN_QUOTED_INCLUDE_IN_FRAMEWORK_HEADER = YES;
				CLANG_WARN_RANGE_LOOP_ANALYSIS = YES;
				CLANG_WARN_STRICT_PROTOTYPES = YES;
				CLANG_WARN_SUSPICIOUS_MOVE = YES;
				CLANG_WARN_UNGUARDED_AVAILABILITY = YES_AGGRESSIVE;
				CLANG_WARN_UNREACHABLE_CODE = YES;
				CLANG_WARN__DUPLICATE_METHOD_MATCH = YES;
				COPY_PHASE_STRIP = NO;
				DEBUG_INFORMATION_FORMAT = "dwarf-with-dsym";
				ENABLE_NS_ASSERTIONS = NO;
				ENABLE_STRICT_OBJC_MSGSEND = YES;
				ENABLE_USER_SCRIPT_SANDBOXING = YES;
				GCC_C_LANGUAGE_STANDARD = gnu17;
				GCC_NO_COMMON_BLOCKS = YES;
				GCC_WARN_64_TO_32_BIT_CONVERSION = YES;
				GCC_WARN_ABOUT_RETURN_TYPE = YES_ERROR;
				GCC_WARN_UNDECLARED_SELECTOR = YES;
				GCC_WARN_UNINITIALIZED_AUTOS = YES_AGGRESSIVE;
				GCC_WARN_UNUSED_FUNCTION = YES;
				GCC_WARN_UNUSED_VARIABLE = YES;
				LOCALIZATION_PREFERS_STRING_CATALOGS = YES;
				MACOSX_DEPLOYMENT_TARGET = 15.2;
				MTL_ENABLE_DEBUG_INFO = NO;
				MTL_FAST_MATH = YES;
				SDKROOT = macosx;
				SWIFT_COMPILATION_MODE = wholemodule;
			};
			name = Release;
		};
		3EF744AF2E62EF1500EBDA8B /* Debug */ = {
			isa = XCBuildConfiguration;
			buildSettings = {
				ASSETCATALOG_COMPILER_APPICON_NAME = AppIcon;
				ASSETCATALOG_COMPILER_GLOBAL_ACCENT_COLOR_NAME = AccentColor;
				CODE_SIGN_ENTITLEMENTS = WordBar/WordBar.entitlements;
				CODE_SIGN_STYLE = Automatic;
				COMBINE_HIDPI_IMAGES = YES;
				CURRENT_PROJECT_VERSION = 1;
				DEVELOPMENT_ASSET_PATHS = "\"WordBar/Preview Content\"";
				ENABLE_PREVIEWS = YES;
				GENERATE_INFOPLIST_FILE = YES;
				INFOPLIST_KEY_NSHumanReadableCopyright = "";
				LD_RUNPATH_SEARCH_PATHS = (
					"$(inherited)",
					"@executable_path/../Frameworks",
				);
				MARKETING_VERSION = 1.0;
				PRODUCT_BUNDLE_IDENTIFIER = yq.WordBar;
				PRODUCT_NAME = "$(TARGET_NAME)";
				SWIFT_EMIT_LOC_STRINGS = YES;
				SWIFT_VERSION = 5.0;
			};
			name = Debug;
		};
		3EF744B02E62EF1500EBDA8B /* Release */ = {
			isa = XCBuildConfiguration;
			buildSettings = {
				ASSETCATALOG_COMPILER_APPICON_NAME = AppIcon;
				ASSETCATALOG_COMPILER_GLOBAL_ACCENT_COLOR_NAME = AccentColor;
				CODE_SIGN_ENTITLEMENTS = WordBar/WordBar.entitlements;
				CODE_SIGN_STYLE = Automatic;
				COMBINE_HIDPI_IMAGES = YES;
				CURRENT_PROJECT_VERSION = 1;
				DEVELOPMENT_ASSET_PATHS = "\"WordBar/Preview Content\"";
				ENABLE_PREVIEWS = YES;
				GENERATE_INFOPLIST_FILE = YES;
				INFOPLIST_KEY_NSHumanReadableCopyright = "";
				LD_RUNPATH_SEARCH_PATHS = (
					"$(inherited)",
					"@executable_path/../Frameworks",
				);
				MARKETING_VERSION = 1.0;
				PRODUCT_BUNDLE_IDENTIFIER = yq.WordBar;
				PRODUCT_NAME = "$(TARGET_NAME)";
				SWIFT_EMIT_LOC_STRINGS = YES;
				SWIFT_VERSION = 5.0;
			};
			name = Release;
		};
		3EF744B22E62EF1500EBDA8B /* Debug */ = {
			isa = XCBuildConfiguration;
			buildSettings = {
				BUNDLE_LOADER = "$(TEST_HOST)";
				CODE_SIGN_STYLE = Automatic;
				CURRENT_PROJECT_VERSION = 1;
				GENERATE_INFOPLIST_FILE = YES;
				MACOSX_DEPLOYMENT_TARGET = 15.2;
				MARKETING_VERSION = 1.0;
				PRODUCT_BUNDLE_IDENTIFIER = yq.WordBarTests;
				PRODUCT_NAME = "$(TARGET_NAME)";
				SWIFT_EMIT_LOC_STRINGS = NO;
				SWIFT_VERSION = 5.0;
				TEST_HOST = "$(BUILT_PRODUCTS_DIR)/WordBar.app/$(BUNDLE_EXECUTABLE_FOLDER_PATH)/WordBar";
			};
			name = Debug;
		};
		3EF744B32E62EF1500EBDA8B /* Release */ = {
			isa = XCBuildConfiguration;
			buildSettings = {
				BUNDLE_LOADER = "$(TEST_HOST)";
				CODE_SIGN_STYLE = Automatic;
				CURRENT_PROJECT_VERSION = 1;
				GENERATE_INFOPLIST_FILE = YES;
				MACOSX_DEPLOYMENT_TARGET = 15.2;
				MARKETING_VERSION = 1.0;
				PRODUCT_BUNDLE_IDENTIFIER = yq.WordBarTests;
				PRODUCT_NAME = "$(TARGET_NAME)";
				SWIFT_EMIT_LOC_STRINGS = NO;
				SWIFT_VERSION = 5.0;
				TEST_HOST = "$(BUILT_PRODUCTS_DIR)/WordBar.app/$(BUNDLE_EXECUTABLE_FOLDER_PATH)/WordBar";
			};
			name = Release;
		};
		3EF744B52E62EF1500EBDA8B /* Debug */ = {
			isa = XCBuildConfiguration;
			buildSettings = {
				CODE_SIGN_STYLE = Automatic;
				CURRENT_PROJECT_VERSION = 1;
				GENERATE_INFOPLIST_FILE = YES;
				MARKETING_VERSION = 1.0;
				PRODUCT_BUNDLE_IDENTIFIER = yq.WordBarUITests;
				PRODUCT_NAME = "$(TARGET_NAME)";
				SWIFT_EMIT_LOC_STRINGS = NO;
				SWIFT_VERSION = 5.0;
				TEST_TARGET_NAME = WordBar;
			};
			name = Debug;
		};
		3EF744B62E62EF1500EBDA8B /* Release */ = {
			isa = XCBuildConfiguration;
			buildSettings = {
				CODE_SIGN_STYLE = Automatic;
				CURRENT_PROJECT_VERSION = 1;
				GENERATE_INFOPLIST_FILE = YES;
				MARKETING_VERSION = 1.0;
				PRODUCT_BUNDLE_IDENTIFIER = yq.WordBarUITests;
				PRODUCT_NAME = "$(TARGET_NAME)";
				SWIFT_EMIT_LOC_STRINGS = NO;
				SWIFT_VERSION = 5.0;
				TEST_TARGET_NAME = WordBar;
			};
			name = Release;
		};
/* End XCBuildConfiguration section */

/* Begin XCConfigurationList section */
		3EF744842E62EF1300EBDA8B /* Build configuration list for PBXProject "WordBar" */ = {
			isa = XCConfigurationList;
			buildConfigurations = (
				3EF744AC2E62EF1500EBDA8B /* Debug */,
				3EF744AD2E62EF1500EBDA8B /* Release */,
			);
			defaultConfigurationIsVisible = 0;
			defaultConfigurationName = Release;
		};
		3EF744AE2E62EF1500EBDA8B /* Build configuration list for PBXNativeTarget "WordBar" */ = {
			isa = XCConfigurationList;
			buildConfigurations = (
				3EF744AF2E62EF1500EBDA8B /* Debug */,
				3EF744B02E62EF1500EBDA8B /* Release */,
			);
			defaultConfigurationIsVisible = 0;
			defaultConfigurationName = Release;
		};
		3EF744B12E62EF1500EBDA8B /* Build configuration list for PBXNativeTarget "WordBarTests" */ = {
			isa = XCConfigurationList;
			buildConfigurations = (
				3EF744B22E62EF1500EBDA8B /* Debug */,
				3EF744B32E62EF1500EBDA8B /* Release */,
			);
			defaultConfigurationIsVisible = 0;
			defaultConfigurationName = Release;
		};
		3EF744B42E62EF1500EBDA8B /* Build configuration list for PBXNativeTarget "WordBarUITests" */ = {
			isa = XCConfigurationList;
			buildConfigurations = (
				3EF744B52E62EF1500EBDA8B /* Debug */,
				3EF744B62E62EF1500EBDA8B /* Release */,
			);
			defaultConfigurationIsVisible = 0;
			defaultConfigurationName = Release;
		};
/* End XCConfigurationList section */
	};
	rootObject = 3EF744812E62EF1300EBDA8B /* Project object */;
}
